// !$*UTF8*$!
{
	archiveVersion = 1;
	classes = {
	};
	objectVersion = 56;
	objects = {

/* Begin PBXBuildFile section */
		411059832BD09A9000C8EDF7 /* AppDelegate.swift in Sources */ = {isa = PBXBuildFile; fileRef = 411059822BD09A9000C8EDF7 /* AppDelegate.swift */; };
		411059852BD09A9000C8EDF7 /* SceneDelegate.swift in Sources */ = {isa = PBXBuildFile; fileRef = 411059842BD09A9000C8EDF7 /* SceneDelegate.swift */; };
		411059872BD09A9000C8EDF7 /* ViewController.swift in Sources */ = {isa = PBXBuildFile; fileRef = 411059862BD09A9000C8EDF7 /* ViewController.swift */; };
		4110598A2BD09A9000C8EDF7 /* Base in Resources */ = {isa = PBXBuildFile; fileRef = 411059892BD09A9000C8EDF7 /* Base */; };
		4110598C2BD09A9200C8EDF7 /* Assets.xcassets in Resources */ = {isa = PBXBuildFile; fileRef = 4110598B2BD09A9200C8EDF7 /* Assets.xcassets */; };
		4110598F2BD09A9200C8EDF7 /* Base in Resources */ = {isa = PBXBuildFile; fileRef = 4110598E2BD09A9200C8EDF7 /* Base */; };
		4169029A2BD09B2D007E5228 /* KingfisherWebP in Frameworks */ = {isa = PBXBuildFile; productRef = 416902992BD09B2D007E5228 /* KingfisherWebP */; };
		4169029C2BD0A075007E5228 /* WebpCell.swift in Sources */ = {isa = PBXBuildFile; fileRef = 4169029B2BD0A075007E5228 /* WebpCell.swift */; };
/* End PBXBuildFile section */

/* Begin PBXFileReference section */
		4110597F2BD09A9000C8EDF7 /* KingfisherWebPTest.app */ = {isa = PBXFileReference; explicitFileType = wrapper.application; includeInIndex = 0; path = KingfisherWebPTest.app; sourceTree = BUILT_PRODUCTS_DIR; };
		411059822BD09A9000C8EDF7 /* AppDelegate.swift */ = {isa = PBXFileReference; lastKnownFileType = sourcecode.swift; path = AppDelegate.swift; sourceTree = "<group>"; };
		411059842BD09A9000C8EDF7 /* SceneDelegate.swift */ = {isa = PBXFileReference; lastKnownFileType = sourcecode.swift; path = SceneDelegate.swift; sourceTree = "<group>"; };
		411059862BD09A9000C8EDF7 /* ViewController.swift */ = {isa = PBXFileReference; lastKnownFileType = sourcecode.swift; path = ViewController.swift; sourceTree = "<group>"; };
		411059892BD09A9000C8EDF7 /* Base */ = {isa = PBXFileReference; lastKnownFileType = file.storyboard; name = Base; path = Base.lproj/Main.storyboard; sourceTree = "<group>"; };
		4110598B2BD09A9200C8EDF7 /* Assets.xcassets */ = {isa = PBXFileReference; lastKnownFileType = folder.assetcatalog; path = Assets.xcassets; sourceTree = "<group>"; };
		4110598E2BD09A9200C8EDF7 /* Base */ = {isa = PBXFileReference; lastKnownFileType = file.storyboard; name = Base; path = Base.lproj/LaunchScreen.storyboard; sourceTree = "<group>"; };
		411059902BD09A9200C8EDF7 /* Info.plist */ = {isa = PBXFileReference; lastKnownFileType = text.plist.xml; path = Info.plist; sourceTree = "<group>"; };
		4169029B2BD0A075007E5228 /* WebpCell.swift */ = {isa = PBXFileReference; lastKnownFileType = sourcecode.swift; path = WebpCell.swift; sourceTree = "<group>"; };
/* End PBXFileReference section */

/* Begin PBXFrameworksBuildPhase section */
		4110597C2BD09A9000C8EDF7 /* Frameworks */ = {
			isa = PBXFrameworksBuildPhase;
			buildActionMask = 2147483647;
			files = (
				4169029A2BD09B2D007E5228 /* KingfisherWebP in Frameworks */,
			);
			runOnlyForDeploymentPostprocessing = 0;
		};
/* End PBXFrameworksBuildPhase section */

/* Begin PBXGroup section */
		411059762BD09A9000C8EDF7 = {
			isa = PBXGroup;
			children = (
				411059812BD09A9000C8EDF7 /* KingfisherWebPTest */,
				411059802BD09A9000C8EDF7 /* Products */,
			);
			sourceTree = "<group>";
		};
		411059802BD09A9000C8EDF7 /* Products */ = {
			isa = PBXGroup;
			children = (
				4110597F2BD09A9000C8EDF7 /* KingfisherWebPTest.app */,
			);
			name = Products;
			sourceTree = "<group>";
		};
		411059812BD09A9000C8EDF7 /* KingfisherWebPTest */ = {
			isa = PBXGroup;
			children = (
				411059822BD09A9000C8EDF7 /* AppDelegate.swift */,
				411059842BD09A9000C8EDF7 /* SceneDelegate.swift */,
				411059862BD09A9000C8EDF7 /* ViewController.swift */,
				4169029B2BD0A075007E5228 /* WebpCell.swift */,
				411059882BD09A9000C8EDF7 /* Main.storyboard */,
				4110598B2BD09A9200C8EDF7 /* Assets.xcassets */,
				4110598D2BD09A9200C8EDF7 /* LaunchScreen.storyboard */,
				411059902BD09A9200C8EDF7 /* Info.plist */,
			);
			path = KingfisherWebPTest;
			sourceTree = "<group>";
		};
/* End PBXGroup section */

/* Begin PBXNativeTarget section */
		4110597E2BD09A9000C8EDF7 /* KingfisherWebPTest */ = {
			isa = PBXNativeTarget;
			buildConfigurationList = 411059932BD09A9200C8EDF7 /* Build configuration list for PBXNativeTarget "KingfisherWebPTest" */;
			buildPhases = (
				4110597B2BD09A9000C8EDF7 /* Sources */,
				4110597C2BD09A9000C8EDF7 /* Frameworks */,
				4110597D2BD09A9000C8EDF7 /* Resources */,
			);
			buildRules = (
			);
			dependencies = (
			);
			name = KingfisherWebPTest;
			packageProductDependencies = (
				416902992BD09B2D007E5228 /* KingfisherWebP */,
			);
			productName = KingfisherWebPTest;
			productReference = 4110597F2BD09A9000C8EDF7 /* KingfisherWebPTest.app */;
			productType = "com.apple.product-type.application";
		};
/* End PBXNativeTarget section */

/* Begin PBXProject section */
		411059772BD09A9000C8EDF7 /* Project object */ = {
			isa = PBXProject;
			attributes = {
				BuildIndependentTargetsInParallel = 1;
				LastSwiftUpdateCheck = 1530;
				LastUpgradeCheck = 1530;
				TargetAttributes = {
					4110597E2BD09A9000C8EDF7 = {
						CreatedOnToolsVersion = 15.3;
					};
				};
			};
			buildConfigurationList = 4110597A2BD09A9000C8EDF7 /* Build configuration list for PBXProject "KingfisherWebPTest" */;
			compatibilityVersion = "Xcode 14.0";
			developmentRegion = en;
			hasScannedForEncodings = 0;
			knownRegions = (
				en,
				Base,
			);
			mainGroup = 411059762BD09A9000C8EDF7;
			packageReferences = (
				416902982BD09B2D007E5228 /* XCRemoteSwiftPackageReference "KingfisherWebP" */,
			);
			productRefGroup = 411059802BD09A9000C8EDF7 /* Products */;
			projectDirPath = "";
			projectRoot = "";
			targets = (
				4110597E2BD09A9000C8EDF7 /* KingfisherWebPTest */,
			);
		};
/* End PBXProject section */

/* Begin PBXResourcesBuildPhase section */
		4110597D2BD09A9000C8EDF7 /* Resources */ = {
			isa = PBXResourcesBuildPhase;
			buildActionMask = 2147483647;
			files = (
				4110598C2BD09A9200C8EDF7 /* Assets.xcassets in Resources */,
				4110598F2BD09A9200C8EDF7 /* Base in Resources */,
				4110598A2BD09A9000C8EDF7 /* Base in Resources */,
			);
			runOnlyForDeploymentPostprocessing = 0;
		};
/* End PBXResourcesBuildPhase section */

/* Begin PBXSourcesBuildPhase section */
		4110597B2BD09A9000C8EDF7 /* Sources */ = {
			isa = PBXSourcesBuildPhase;
			buildActionMask = 2147483647;
			files = (
				411059872BD09A9000C8EDF7 /* ViewController.swift in Sources */,
				411059832BD09A9000C8EDF7 /* AppDelegate.swift in Sources */,
				411059852BD09A9000C8EDF7 /* SceneDelegate.swift in Sources */,
				4169029C2BD0A075007E5228 /* WebpCell.swift in Sources */,
			);
			runOnlyForDeploymentPostprocessing = 0;
		};
/* End PBXSourcesBuildPhase section */

/* Begin PBXVariantGroup section */
		411059882BD09A9000C8EDF7 /* Main.storyboard */ = {
			isa = PBXVariantGroup;
			children = (
				411059892BD09A9000C8EDF7 /* Base */,
			);
			name = Main.storyboard;
			sourceTree = "<group>";
		};
		4110598D2BD09A9200C8EDF7 /* LaunchScreen.storyboard */ = {
			isa = PBXVariantGroup;
			children = (
				4110598E2BD09A9200C8EDF7 /* Base */,
			);
			name = LaunchScreen.storyboard;
			sourceTree = "<group>";
		};
/* End PBXVariantGroup section */

/* Begin XCBuildConfiguration section */
		411059912BD09A9200C8EDF7 /* Debug */ = {
			isa = XCBuildConfiguration;
			buildSettings = {
				ALWAYS_SEARCH_USER_PATHS = NO;
				ASSETCATALOG_COMPILER_GENERATE_SWIFT_ASSET_SYMBOL_EXTENSIONS = YES;
				CLANG_ANALYZER_NONNULL = YES;
				CLANG_ANALYZER_NUMBER_OBJECT_CONVERSION = YES_AGGRESSIVE;
				CLANG_CXX_LANGUAGE_STANDARD = "gnu++20";
				CLANG_ENABLE_MODULES = YES;
				CLANG_ENABLE_OBJC_ARC = YES;
				CLANG_ENABLE_OBJC_WEAK = YES;
				CLANG_WARN_BLOCK_CAPTURE_AUTORELEASING = YES;
				CLANG_WARN_BOOL_CONVERSION = YES;
				CLANG_WARN_COMMA = YES;
				CLANG_WARN_CONSTANT_CONVERSION = YES;
				CLANG_WARN_DEPRECATED_OBJC_IMPLEMENTATIONS = YES;
				CLANG_WARN_DIRECT_OBJC_ISA_USAGE = YES_ERROR;
				CLANG_WARN_DOCUMENTATION_COMMENTS = YES;
				CLANG_WARN_EMPTY_BODY = YES;
				CLANG_WARN_ENUM_CONVERSION = YES;
				CLANG_WARN_INFINITE_RECURSION = YES;
				CLANG_WARN_INT_CONVERSION = YES;
				CLANG_WARN_NON_LITERAL_NULL_CONVERSION = YES;
				CLANG_WARN_OBJC_IMPLICIT_RETAIN_SELF = YES;
				CLANG_WARN_OBJC_LITERAL_CONVERSION = YES;
				CLANG_WARN_OBJC_ROOT_CLASS = YES_ERROR;
				CLANG_WARN_QUOTED_INCLUDE_IN_FRAMEWORK_HEADER = YES;
				CLANG_WARN_RANGE_LOOP_ANALYSIS = YES;
				CLANG_WARN_STRICT_PROTOTYPES = YES;
				CLANG_WARN_SUSPICIOUS_MOVE = YES;
				CLANG_WARN_UNGUARDED_AVAILABILITY = YES_AGGRESSIVE;
				CLANG_WARN_UNREACHABLE_CODE = YES;
				CLANG_WARN__DUPLICATE_METHOD_MATCH = YES;
				COPY_PHASE_STRIP = NO;
				DEBUG_INFORMATION_FORMAT = dwarf;
				ENABLE_STRICT_OBJC_MSGSEND = YES;
				ENABLE_TESTABILITY = YES;
				ENABLE_USER_SCRIPT_SANDBOXING = YES;
				GCC_C_LANGUAGE_STANDARD = gnu17;
				GCC_DYNAMIC_NO_PIC = NO;
				GCC_NO_COMMON_BLOCKS = YES;
				GCC_OPTIMIZATION_LEVEL = 0;
				GCC_PREPROCESSOR_DEFINITIONS = (
					"DEBUG=1",
					"$(inherited)",
				);
				GCC_WARN_64_TO_32_BIT_CONVERSION = YES;
				GCC_WARN_ABOUT_RETURN_TYPE = YES_ERROR;
				GCC_WARN_UNDECLARED_SELECTOR = YES;
				GCC_WARN_UNINITIALIZED_AUTOS = YES_AGGRESSIVE;
				GCC_WARN_UNUSED_FUNCTION = YES;
				GCC_WARN_UNUSED_VARIABLE = YES;
				IPHONEOS_DEPLOYMENT_TARGET = 16.0;
				LOCALIZATION_PREFERS_STRING_CATALOGS = YES;
				MTL_ENABLE_DEBUG_INFO = INCLUDE_SOURCE;
				MTL_FAST_MATH = YES;
				ONLY_ACTIVE_ARCH = YES;
				SDKROOT = iphoneos;
				SWIFT_ACTIVE_COMPILATION_CONDITIONS = "DEBUG $(inherited)";
				SWIFT_OPTIMIZATION_LEVEL = "-Onone";
			};
			name = Debug;
		};
		411059922BD09A9200C8EDF7 /* Release */ = {
			isa = XCBuildConfiguration;
			buildSettings = {
				ALWAYS_SEARCH_USER_PATHS = NO;
				ASSETCATALOG_COMPILER_GENERATE_SWIFT_ASSET_SYMBOL_EXTENSIONS = YES;
				CLANG_ANALYZER_NONNULL = YES;
				CLANG_ANALYZER_NUMBER_OBJECT_CONVERSION = YES_AGGRESSIVE;
				CLANG_CXX_LANGUAGE_STANDARD = "gnu++20";
				CLANG_ENABLE_MODULES = YES;
				CLANG_ENABLE_OBJC_ARC = YES;
				CLANG_ENABLE_OBJC_WEAK = YES;
				CLANG_WARN_BLOCK_CAPTURE_AUTORELEASING = YES;
				CLANG_WARN_BOOL_CONVERSION = YES;
				CLANG_WARN_COMMA = YES;
				CLANG_WARN_CONSTANT_CONVERSION = YES;
				CLANG_WARN_DEPRECATED_OBJC_IMPLEMENTATIONS = YES;
				CLANG_WARN_DIRECT_OBJC_ISA_USAGE = YES_ERROR;
				CLANG_WARN_DOCUMENTATION_COMMENTS = YES;
				CLANG_WARN_EMPTY_BODY = YES;
				CLANG_WARN_ENUM_CONVERSION = YES;
				CLANG_WARN_INFINITE_RECURSION = YES;
				CLANG_WARN_INT_CONVERSION = YES;
				CLANG_WARN_NON_LITERAL_NULL_CONVERSION = YES;
				CLANG_WARN_OBJC_IMPLICIT_RETAIN_SELF = YES;
				CLANG_WARN_OBJC_LITERAL_CONVERSION = YES;
				CLANG_WARN_OBJC_ROOT_CLASS = YES_ERROR;
				CLANG_WARN_QUOTED_INCLUDE_IN_FRAMEWORK_HEADER = YES;
				CLANG_WARN_RANGE_LOOP_ANALYSIS = YES;
				CLANG_WARN_STRICT_PROTOTYPES = YES;
				CLANG_WARN_SUSPICIOUS_MOVE = YES;
				CLANG_WARN_UNGUARDED_AVAILABILITY = YES_AGGRESSIVE;
				CLANG_WARN_UNREACHABLE_CODE = YES;
				CLANG_WARN__DUPLICATE_METHOD_MATCH = YES;
				COPY_PHASE_STRIP = NO;
				DEBUG_INFORMATION_FORMAT = "dwarf-with-dsym";
				ENABLE_NS_ASSERTIONS = NO;
				ENABLE_STRICT_OBJC_MSGSEND = YES;
				ENABLE_USER_SCRIPT_SANDBOXING = YES;
				GCC_C_LANGUAGE_STANDARD = gnu17;
				GCC_NO_COMMON_BLOCKS = YES;
				GCC_WARN_64_TO_32_BIT_CONVERSION = YES;
				GCC_WARN_ABOUT_RETURN_TYPE = YES_ERROR;
				GCC_WARN_UNDECLARED_SELECTOR = YES;
				GCC_WARN_UNINITIALIZED_AUTOS = YES_AGGRESSIVE;
				GCC_WARN_UNUSED_FUNCTION = YES;
				GCC_WARN_UNUSED_VARIABLE = YES;
				IPHONEOS_DEPLOYMENT_TARGET = 16.0;
				LOCALIZATION_PREFERS_STRING_CATALOGS = YES;
				MTL_ENABLE_DEBUG_INFO = NO;
				MTL_FAST_MATH = YES;
				SDKROOT = iphoneos;
				SWIFT_COMPILATION_MODE = wholemodule;
				VALIDATE_PRODUCT = YES;
			};
			name = Release;
		};
		411059942BD09A9200C8EDF7 /* Debug */ = {
			isa = XCBuildConfiguration;
			buildSettings = {
				ASSETCATALOG_COMPILER_APPICON_NAME = AppIcon;
				ASSETCATALOG_COMPILER_GLOBAL_ACCENT_COLOR_NAME = AccentColor;
				CODE_SIGN_STYLE = Automatic;
				CURRENT_PROJECT_VERSION = 0.0.1;
				DEVELOPMENT_TEAM = "";
				GENERATE_INFOPLIST_FILE = YES;
				INFOPLIST_FILE = KingfisherWebPTest/Info.plist;
				INFOPLIST_KEY_UIApplicationSupportsIndirectInputEvents = YES;
				INFOPLIST_KEY_UILaunchStoryboardName = LaunchScreen;
				INFOPLIST_KEY_UIMainStoryboardFile = Main;
				INFOPLIST_KEY_UISupportedInterfaceOrientations_iPad = "UIInterfaceOrientationPortrait UIInterfaceOrientationPortraitUpsideDown UIInterfaceOrientationLandscapeLeft UIInterfaceOrientationLandscapeRight";
				INFOPLIST_KEY_UISupportedInterfaceOrientations_iPhone = "UIInterfaceOrientationPortrait UIInterfaceOrientationLandscapeLeft UIInterfaceOrientationLandscapeRight";
				IPHONEOS_DEPLOYMENT_TARGET = 13.0;
				LD_RUNPATH_SEARCH_PATHS = (
					"$(inherited)",
					"@executable_path/Frameworks",
				);
				MARKETING_VERSION = 0.0.1;
				PRODUCT_BUNDLE_IDENTIFIER = com.lib.test.KingfisherWebPTest;
				PRODUCT_NAME = "$(TARGET_NAME)";
				SWIFT_EMIT_LOC_STRINGS = YES;
				SWIFT_VERSION = 5.0;
				TARGETED_DEVICE_FAMILY = "1,2";
			};
			name = Debug;
		};
		411059952BD09A9200C8EDF7 /* Release */ = {
			isa = XCBuildConfiguration;
			buildSettings = {
				ASSETCATALOG_COMPILER_APPICON_NAME = AppIcon;
				ASSETCATALOG_COMPILER_GLOBAL_ACCENT_COLOR_NAME = AccentColor;
				CODE_SIGN_STYLE = Automatic;
				CURRENT_PROJECT_VERSION = 0.0.1;
				DEVELOPMENT_TEAM = "";
				GENERATE_INFOPLIST_FILE = YES;
				INFOPLIST_FILE = KingfisherWebPTest/Info.plist;
				INFOPLIST_KEY_UIApplicationSupportsIndirectInputEvents = YES;
				INFOPLIST_KEY_UILaunchStoryboardName = LaunchScreen;
				INFOPLIST_KEY_UIMainStoryboardFile = Main;
				INFOPLIST_KEY_UISupportedInterfaceOrientations_iPad = "UIInterfaceOrientationPortrait UIInterfaceOrientationPortraitUpsideDown UIInterfaceOrientationLandscapeLeft UIInterfaceOrientationLandscapeRight";
				INFOPLIST_KEY_UISupportedInterfaceOrientations_iPhone = "UIInterfaceOrientationPortrait UIInterfaceOrientationLandscapeLeft UIInterfaceOrientationLandscapeRight";
				IPHONEOS_DEPLOYMENT_TARGET = 13.0;
				LD_RUNPATH_SEARCH_PATHS = (
					"$(inherited)",
					"@executable_path/Frameworks",
				);
				MARKETING_VERSION = 0.0.1;
				PRODUCT_BUNDLE_IDENTIFIER = com.lib.test.KingfisherWebPTest;
				PRODUCT_NAME = "$(TARGET_NAME)";
				SWIFT_EMIT_LOC_STRINGS = YES;
				SWIFT_VERSION = 5.0;
				TARGETED_DEVICE_FAMILY = "1,2";
			};
			name = Release;
		};
/* End XCBuildConfiguration section */

/* Begin XCConfigurationList section */
		4110597A2BD09A9000C8EDF7 /* Build configuration list for PBXProject "KingfisherWebPTest" */ = {
			isa = XCConfigurationList;
			buildConfigurations = (
				411059912BD09A9200C8EDF7 /* Debug */,
				411059922BD09A9200C8EDF7 /* Release */,
			);
			defaultConfigurationIsVisible = 0;
			defaultConfigurationName = Release;
		};
		411059932BD09A9200C8EDF7 /* Build configuration list for PBXNativeTarget "KingfisherWebPTest" */ = {
			isa = XCConfigurationList;
			buildConfigurations = (
				411059942BD09A9200C8EDF7 /* Debug */,
				411059952BD09A9200C8EDF7 /* Release */,
			);
			defaultConfigurationIsVisible = 0;
			defaultConfigurationName = Release;
		};
/* End XCConfigurationList section */

/* Begin XCRemoteSwiftPackageReference section */
		416902982BD09B2D007E5228 /* XCRemoteSwiftPackageReference "KingfisherWebP" */ = {
			isa = XCRemoteSwiftPackageReference;
			repositoryURL = "https://github.com/yeatse/KingfisherWebP.git";
			requirement = {
				kind = exactVersion;
				version = 1.5.2;
			};
		};
/* End XCRemoteSwiftPackageReference section */

/* Begin XCSwiftPackageProductDependency section */
		416902992BD09B2D007E5228 /* KingfisherWebP */ = {
			isa = XCSwiftPackageProductDependency;
			package = 416902982BD09B2D007E5228 /* XCRemoteSwiftPackageReference "KingfisherWebP" */;
			productName = KingfisherWebP;
		};
/* End XCSwiftPackageProductDependency section */
	};
	rootObject = 411059772BD09A9000C8EDF7 /* Project object */;
}
